
Microsoft Visual Studio Solution File, Format Version 12.00
# Visual Studio Version 16
VisualStudioVersion = 16.0.29613.14
MinimumVisualStudioVersion = 10.0.40219.1
Project("{FAE04EC0-301F-11D3-BF4B-00C04F79EFBC}") = "EncapsulationExample", "EncapsulationExample\EncapsulationExample.csproj", "{D260419F-BC84-4662-A547-61513BD6B828}"
EndProject
Global
	GlobalSection(SolutionConfigurationPlatforms) = preSolution
		Debug|Any CPU = Debug|Any CPU
		Release|Any CPU = Release|Any CPU
	EndGlobalSection
	GlobalSection(ProjectConfigurationPlatforms) = postSolution
		{D260419F-BC84-4662-A547-61513BD6B828}.Debug|Any CPU.ActiveCfg = Debug|Any CPU
		{D260419F-BC84-4662-A547-61513BD6B828}.Debug|Any CPU.Build.0 = Debug|Any CPU
		{D260419F-BC84-4662-A547-61513BD6B828}.Release|Any CPU.ActiveCfg = Release|Any CPU
		{D260419F-BC84-4662-A547-61513BD6B828}.Release|Any CPU.Build.0 = Release|Any CPU
	EndGlobalSection
	GlobalSection(SolutionProperties) = preSolution
		HideSolutionNode = FALSE
	EndGlobalSection
	GlobalSection(ExtensibilityGlobals) = postSolution
		SolutionGuid = {B2391979-DCB8-4442-8DF5-E4B867832125}
	EndGlobalSection
EndGlobal
